github.com/RizkyAssidiqi/golang02 v1.0.0 h1:VsUxX1mesIZuYdTOG9BXIcUaCatY4so+3grtJ7JY9fI=
github.com/RizkyAssidiqi/golang02 v1.0.0/go.mod h1:28gXtgRWPNswCdu4Ys5CS3sYbHZ6hspJjZyQ5JSPHwU=
github.com/RizkyAssidiqi/golang02 v1.1.0 h1:ZeBM3Yr1REPhSr/3guEFO5Le2KDNH8QVz/iuwUYO+UI=
github.com/RizkyAssidiqi/golang02 v1.1.0/go.mod h1:28gXtgRWPNswCdu4Ys5CS3sYbHZ6hspJjZyQ5JSPHwU=
github.com/RizkyAssidiqi/golang02/v2 v2.0.0 h1:PFDGNyedLTSC5jLC0oCzl8QQBjlFNME3Y4YEumenlkY=
github.com/RizkyAssidiqi/golang02/v2 v2.0.0/go.mod h1:M0OIBw4zIYkcaDpxoY/K8D+tcsH33BYQthdeKbjdmRc=
